{
  "nodes": {
    "flake-utils": {
      "locked": {
        "lastModified": 1676283394,
        "narHash": "sha256-XX2f9c3iySLCw54rJ/CZs+ZK6IQy7GXNY4nSOyu2QG4=",
        "owner": "numtide",
        "repo": "flake-utils",
        "rev": "3db36a8b464d0c4532ba1c7dda728f4576d6d073",
        "type": "github"
      },
      "original": {
        "owner": "numtide",
        "repo": "flake-utils",
        "type": "github"
      }
    },
    "flake-utils_2": {
      "locked": {
        "lastModified": 1659877975,
        "narHash": "sha256-zllb8aq3YO3h8B/U0/J1WBgAL8EX5yWf5pMj3G0NAmc=",
        "owner": "numtide",
        "repo": "flake-utils",
        "rev": "c0e246b9b83f637f4681389ecabcb2681b4f3af0",
        "type": "github"
      },
      "original": {
        "id": "flake-utils",
        "type": "indirect"
      }
    },
    "flake-utils_3": {
      "locked": {
        "lastModified": 1644229661,
        "narHash": "sha256-1YdnJAsNy69bpcjuoKdOYQX0YxZBiCYZo4Twxerqv7k=",
        "owner": "numtide",
        "repo": "flake-utils",
        "rev": "3cecb5b042f7f209c56ffd8371b2711a290ec797",
        "type": "github"
      },
      "original": {
        "owner": "numtide",
        "repo": "flake-utils",
        "type": "github"
      }
    },
    "get-flake": {
      "locked": {
        "lastModified": 1644686428,
        "narHash": "sha256-zkhYsURWFrvEZLkIoBeqFBzSu+cA2u5mo6M8vq9LN7M=",
        "owner": "ursi",
        "repo": "get-flake",
        "rev": "703f15558daa56dfae19d1858bb3046afe68831a",
        "type": "github"
      },
      "original": {
        "owner": "ursi",
        "repo": "get-flake",
        "type": "github"
      }
    },
    "horizon-core": {
      "flake": false,
      "locked": {
        "lastModified": 1675520422,
        "narHash": "sha256-irHPKu12Tajj3VbpbqGgIh7c75r7sqMU2TyqG//WXH8=",
        "ref": "refs/heads/master",
        "rev": "3796774d7337f91e73c38afb0d7635b4a2225936",
        "revCount": 942,
        "type": "git",
        "url": "https://gitlab.homotopic.tech/horizon/horizon-core"
      },
      "original": {
        "type": "git",
        "url": "https://gitlab.homotopic.tech/horizon/horizon-core"
      }
    },
    "horizon-wave-ocean": {
      "inputs": {
        "flake-utils": "flake-utils_2",
        "get-flake": "get-flake",
        "horizon-core": "horizon-core",
        "iohk-nix": "iohk-nix",
        "lint-utils": "lint-utils",
        "nixpkgs": "nixpkgs_2",
        "nixpkgs-libsodium": "nixpkgs-libsodium"
      },
      "locked": {
        "lastModified": 1678539951,
        "narHash": "sha256-en0htcBmoC6VMjzdfq9tV2rP6i/1ZQWuRxEWMOcVxeE=",
        "ref": "refs/heads/master",
        "rev": "ff3f4258d19059731366200056614e8f4259529c",
        "revCount": 982,
        "type": "git",
        "url": "https://gitlab.horizon-haskell.net/package-sets/horizon-wave-ocean"
      },
      "original": {
        "type": "git",
        "url": "https://gitlab.horizon-haskell.net/package-sets/horizon-wave-ocean"
      }
    },
    "iohk-nix": {
      "flake": false,
      "locked": {
        "lastModified": 1653579289,
        "narHash": "sha256-wveDdPsgB/3nAGAdFaxrcgLEpdi0aJ5kEVNtI+YqVfo=",
        "owner": "input-output-hk",
        "repo": "iohk-nix",
        "rev": "edb2d2df2ebe42bbdf03a0711115cf6213c9d366",
        "type": "github"
      },
      "original": {
        "owner": "input-output-hk",
        "repo": "iohk-nix",
        "rev": "edb2d2df2ebe42bbdf03a0711115cf6213c9d366",
        "type": "github"
      }
    },
    "lint-utils": {
      "inputs": {
        "flake-utils": "flake-utils_3",
        "nixpkgs": "nixpkgs"
      },
      "locked": {
        "lastModified": 1670623736,
        "narHash": "sha256-CrA/yua5H0NfZ2tu1QZ2WpYi6pkWzyFxiwGk+KoF620=",
        "ref": "refs/heads/master",
        "rev": "ee76287dc9987dd01ec38d38839b788a26ee5f24",
        "revCount": 45,
        "type": "git",
        "url": "https://gitlab.homotopic.tech/nix/lint-utils"
      },
      "original": {
        "type": "git",
        "url": "https://gitlab.homotopic.tech/nix/lint-utils"
      }
    },
    "nixpkgs": {
      "locked": {
        "lastModified": 1644525281,
        "narHash": "sha256-D3VuWLdnLmAXIkooWAtbTGSQI9Fc1lkvAr94wTxhnTU=",
        "owner": "NixOS",
        "repo": "nixpkgs",
        "rev": "48d63e924a2666baf37f4f14a18f19347fbd54a2",
        "type": "github"
      },
      "original": {
        "owner": "NixOS",
        "ref": "nixos-unstable",
        "repo": "nixpkgs",
        "type": "github"
      }
    },
    "nixpkgs-libsodium": {
      "locked": {
        "lastModified": 1672397839,
        "narHash": "sha256-o+TBFFNSdOu5L1CUetXGMSinghqqlWcI2Sj9GVoJmUY=",
        "owner": "nixos",
        "repo": "nixpkgs",
        "rev": "a3f612564c15e8471dd17c15efaf7ede83c57763",
        "type": "github"
      },
      "original": {
        "owner": "nixos",
        "repo": "nixpkgs",
        "rev": "a3f612564c15e8471dd17c15efaf7ede83c57763",
        "type": "github"
      }
    },
    "nixpkgs_2": {
      "locked": {
        "lastModified": 1673947312,
        "narHash": "sha256-xx/2nRwRy3bXrtry6TtydKpJpqHahjuDB5sFkQ/XNDE=",
        "owner": "nixos",
        "repo": "nixpkgs",
        "rev": "2d38b664b4400335086a713a0036aafaa002c003",
        "type": "github"
      },
      "original": {
        "owner": "nixos",
        "ref": "nixpkgs-unstable",
        "repo": "nixpkgs",
        "type": "github"
      }
    },
    "nixpkgs_3": {
      "locked": {
        "lastModified": 1678500213,
        "narHash": "sha256-A5s2rXawJ+dCThkMXoMuYW8dgyUmkElcyfVJUot/Vr0=",
        "owner": "nixos",
        "repo": "nixpkgs",
        "rev": "2ce9b9842b5e63884dfc3dea6689769e2a1ea309",
        "type": "github"
      },
      "original": {
        "owner": "nixos",
        "ref": "nixpkgs-unstable",
        "repo": "nixpkgs",
        "type": "github"
      }
    },
    "root": {
      "inputs": {
        "flake-utils": "flake-utils",
        "horizon-wave-ocean": "horizon-wave-ocean",
        "nixpkgs": "nixpkgs_3"
      }
    }
  },
  "root": "root",
  "version": 7
}
